{
  "name": "podsearch-site",
  "version": "0.1.0",
  "lockfileVersion": 3,
  "requires": true,
  "packages": {
    "": {
      "name": "podsearch-site",
      "version": "0.1.0",
      "dependencies": {
        "@sqlite.org/sqlite-wasm": "3.53.0-build1"
      }
    },
    "node_modules/@sqlite.org/sqlite-wasm": {
      "version": "3.53.0-build1",
      "resolved": "https://registry.npmjs.org/@sqlite.org/sqlite-wasm/-/sqlite-wasm-3.53.0-build1.tgz",
      "integrity": "sha512-PfWPWN2n+/37doa8oh2/oUXk4OOsRYZsxc1W1sDXIGb/Pu5Yrb+f2eyYpgQMGITVX7HVgxhs9P18Rc6I97ym/g==",
      "license": "Apache-2.0",
      "workspaces": [
        "demos/*"
      ],
      "engines": {
        "node": ">=22"
      }
    }
  }
}
